
Microsoft Visual Studio Solution File, Format Version 12.00
# Visual Studio 15
VisualStudioVersion = 15.0.27004.2008
MinimumVisualStudioVersion = 10.0.40219.1
Project("{FAE04EC0-301F-11D3-BF4B-00C04F79EFBC}") = "SkoczekSzachowy-VS2015", "SkoczekSzachowy-VS2015\SkoczekSzachowy-VS2015.csproj", "{26FED0EE-5AB2-4D61-A896-CDF5D56FEAFF}"
EndProject
Project("{FAE04EC0-301F-11D3-BF4B-00C04F79EFBC}") = "OsiemHetmanow-VS2015", "OsiemHetmanow-VS2015\OsiemHetmanow-VS2015.csproj", "{973CE47F-D1D7-4472-9051-F73EF3859B11}"
EndProject
Project("{FAE04EC0-301F-11D3-BF4B-00C04F79EFBC}") = "Haszowanie", "Haszowanie\Haszowanie.csproj", "{A4F89C50-E070-4FF8-B0B6-8BCBC1845F0F}"
EndProject
Project("{FAE04EC0-301F-11D3-BF4B-00C04F79EFBC}") = "HaszowanieTesty", "HaszowanieTesty\HaszowanieTesty.csproj", "{FAA0CDEF-8DE7-4D54-82FB-2FFC7D0F3BC7}"
EndProject
Project("{FAE04EC0-301F-11D3-BF4B-00C04F79EFBC}") = "AlgorytmKruskala", "AlgorytmKruskala\AlgorytmKruskala.csproj", "{CEF1CE99-4A02-4B1E-85DB-06F9EC4D1750}"
EndProject
Project("{FAE04EC0-301F-11D3-BF4B-00C04F79EFBC}") = "KMP", "KMP\KMP.csproj", "{54CAC09F-2607-4C84-BDAF-4D517152F0F2}"
EndProject
Project("{FAE04EC0-301F-11D3-BF4B-00C04F79EFBC}") = "2-CNF", "2-CNF\2-CNF.csproj", "{7FA87610-477F-4F08-8951-801A4427F53E}"
EndProject
Project("{FAE04EC0-301F-11D3-BF4B-00C04F79EFBC}") = "Przeplywy", "Przeplywy\Przeplywy.csproj", "{708D4C94-72E1-470F-A2B8-2751D2BCC993}"
EndProject
Global
	GlobalSection(SolutionConfigurationPlatforms) = preSolution
		Debug|Any CPU = Debug|Any CPU
		Release|Any CPU = Release|Any CPU
	EndGlobalSection
	GlobalSection(ProjectConfigurationPlatforms) = postSolution
		{26FED0EE-5AB2-4D61-A896-CDF5D56FEAFF}.Debug|Any CPU.ActiveCfg = Debug|Any CPU
		{26FED0EE-5AB2-4D61-A896-CDF5D56FEAFF}.Debug|Any CPU.Build.0 = Debug|Any CPU
		{26FED0EE-5AB2-4D61-A896-CDF5D56FEAFF}.Release|Any CPU.ActiveCfg = Release|Any CPU
		{26FED0EE-5AB2-4D61-A896-CDF5D56FEAFF}.Release|Any CPU.Build.0 = Release|Any CPU
		{973CE47F-D1D7-4472-9051-F73EF3859B11}.Debug|Any CPU.ActiveCfg = Debug|Any CPU
		{973CE47F-D1D7-4472-9051-F73EF3859B11}.Debug|Any CPU.Build.0 = Debug|Any CPU
		{973CE47F-D1D7-4472-9051-F73EF3859B11}.Release|Any CPU.ActiveCfg = Release|Any CPU
		{973CE47F-D1D7-4472-9051-F73EF3859B11}.Release|Any CPU.Build.0 = Release|Any CPU
		{A4F89C50-E070-4FF8-B0B6-8BCBC1845F0F}.Debug|Any CPU.ActiveCfg = Debug|Any CPU
		{A4F89C50-E070-4FF8-B0B6-8BCBC1845F0F}.Debug|Any CPU.Build.0 = Debug|Any CPU
		{A4F89C50-E070-4FF8-B0B6-8BCBC1845F0F}.Release|Any CPU.ActiveCfg = Release|Any CPU
		{A4F89C50-E070-4FF8-B0B6-8BCBC1845F0F}.Release|Any CPU.Build.0 = Release|Any CPU
		{FAA0CDEF-8DE7-4D54-82FB-2FFC7D0F3BC7}.Debug|Any CPU.ActiveCfg = Debug|Any CPU
		{FAA0CDEF-8DE7-4D54-82FB-2FFC7D0F3BC7}.Debug|Any CPU.Build.0 = Debug|Any CPU
		{FAA0CDEF-8DE7-4D54-82FB-2FFC7D0F3BC7}.Release|Any CPU.ActiveCfg = Release|Any CPU
		{FAA0CDEF-8DE7-4D54-82FB-2FFC7D0F3BC7}.Release|Any CPU.Build.0 = Release|Any CPU
		{CEF1CE99-4A02-4B1E-85DB-06F9EC4D1750}.Debug|Any CPU.ActiveCfg = Debug|Any CPU
		{CEF1CE99-4A02-4B1E-85DB-06F9EC4D1750}.Debug|Any CPU.Build.0 = Debug|Any CPU
		{CEF1CE99-4A02-4B1E-85DB-06F9EC4D1750}.Release|Any CPU.ActiveCfg = Release|Any CPU
		{CEF1CE99-4A02-4B1E-85DB-06F9EC4D1750}.Release|Any CPU.Build.0 = Release|Any CPU
		{54CAC09F-2607-4C84-BDAF-4D517152F0F2}.Debug|Any CPU.ActiveCfg = Debug|Any CPU
		{54CAC09F-2607-4C84-BDAF-4D517152F0F2}.Debug|Any CPU.Build.0 = Debug|Any CPU
		{54CAC09F-2607-4C84-BDAF-4D517152F0F2}.Release|Any CPU.ActiveCfg = Release|Any CPU
		{54CAC09F-2607-4C84-BDAF-4D517152F0F2}.Release|Any CPU.Build.0 = Release|Any CPU
		{7FA87610-477F-4F08-8951-801A4427F53E}.Debug|Any CPU.ActiveCfg = Debug|Any CPU
		{7FA87610-477F-4F08-8951-801A4427F53E}.Debug|Any CPU.Build.0 = Debug|Any CPU
		{7FA87610-477F-4F08-8951-801A4427F53E}.Release|Any CPU.ActiveCfg = Release|Any CPU
		{7FA87610-477F-4F08-8951-801A4427F53E}.Release|Any CPU.Build.0 = Release|Any CPU
		{708D4C94-72E1-470F-A2B8-2751D2BCC993}.Debug|Any CPU.ActiveCfg = Debug|Any CPU
		{708D4C94-72E1-470F-A2B8-2751D2BCC993}.Debug|Any CPU.Build.0 = Debug|Any CPU
		{708D4C94-72E1-470F-A2B8-2751D2BCC993}.Release|Any CPU.ActiveCfg = Release|Any CPU
		{708D4C94-72E1-470F-A2B8-2751D2BCC993}.Release|Any CPU.Build.0 = Release|Any CPU
	EndGlobalSection
	GlobalSection(SolutionProperties) = preSolution
		HideSolutionNode = FALSE
	EndGlobalSection
	GlobalSection(ExtensibilityGlobals) = postSolution
		SolutionGuid = {588B8133-E669-4F2D-830B-9A22138576EC}
	EndGlobalSection
EndGlobal
